{"name": "aaag-platform","version": "0.1.0","lockfileVersion": 3,"requires": true,"packages": {"": {"name": "aaag-platform","version": "0.1.0","private": true,"dependencies": {"react": "^18.2.0","react-dom": "^18.2.0","next": "^14.0.4","typescript": "^5.3.3","@types/react": "^18.2.37","@types/react-dom": "^18.2.15","@types/node": "^20.10.5","tailwindcss": "^3.4.1","autoprefixer": "^10.4.16","postcss": "^8.4.32"},"devDependencies": {"jest": "^29.7.0","@testing-library/react": "^14.1.2","@testing-library/jest-dom": "^6.1.5"}},"node_modules/react": {"version": "18.2.0","resolved": "https://registry.npmjs.org/react/-/react-18.2.0.tgz","integrity": "sha512-/3IjMdb2cLJGzik3uQ2sCx3Roppo0J4d7Jsck9DZeQrMqc8y3IvqnKUFbIKq6EMkBRs17F7BI6MLnUvCgzipg==","engines": {"node": ">=0.10.0"}},"node_modules/react-dom": {"version": "18.2.0","resolved": "https://registry.npmjs.org/react-dom/-/react-dom-18.2.0.tgz","integrity": "sha512-6IMTriUmvsjHUjNtEDudZfuEQc02/6/ch/5+xHMjG7Bje/c/f9/Z4j8k9of JJQrOSJ+MnYbysAqsqoxPmjZo3w==","peerDependencies": {"react": "^18.2.0"}},"node_modules/next": {"version": "14.0.4","resolved": "https://registry.npmjs.org/next/-/next-14.0.4.tgz","integrity": "sha512-qbwypnMj1KUr66/PXnMLH7Uc+bLYHpqB0annSWbV9IcLiSTewIlZj5qWXD2pH0ygJYYHlVHZt9ZtLv59hc930A==","engines": {"node": ">=18.17"}},"node_modules/typescript": {"version": "5.3.3","resolved": "https://registry.npmjs.org/typescript/-/typescript-5.3.3.tgz","integrity": "sha512-pMj6bNMSVJm1+gohfeIBPWLvUKP4sWy0rZkruVchQjWh5NSiV3XNjlT7m0rMKQjS+Bpa2+Strong+poPjvsaKDw==","engines": {"node": ">=14.17"}},"node_modules/@types/react": {"version": "18.2.37","resolved": "https://registry.npmjs.org/@types/react/-/react-18.2.37.tgz","integrity": "sha512-RV6gWp4sCHwSxRw9w7lsFxeXcX8svzd41jKmV1sSGW+99BNGQeqJ2QHBs13BGsSrt7v63409XF60jxDMaYxOcg=="},"node_modules/@types/react-dom": {"version": "18.2.15","resolved": "https://registry.npmjs.org/@types/react-dom/-/react-dom-18.2.15.tgz","integrity": "sha512-HeYeT3Ja5chyiNXBDYVEHBjl2+uKHJnNGLT3DaVD5XnTMimG6cIOVeKBuI+HTlAToIcyZDMQD/6skIDstXQYGw=="},"node_modules/@types/node": {"version": "20.10.5","resolved": "https://registry.npmjs.org/@types/node/-/node-20.10.5.tgz","integrity": "sha512-nNPsNE65wjMxEKI93yMarKvB+KpG4Mrhk9qTM3J3tgS4cOQ0af+sVcv8fWGyy5kkVMW23Cm2ecuqeF27XFIDLQ=="},"node_modules/tailwindcss": {"version": "3.4.1","resolved": "https://registry.npmjs.org/tailwindcss/-/tailwindcss-3.4.1.tgz","integrity": "sha512-qsgg6zv8EJA7YYkOsYZIunMtQWsss1mpSFDJqg5QT1R1K+KH1bnHmHcXz51TUvjik6QVEVvSC83fn38MNeTIQ=="},"node_modules/autoprefixer": {"version": "10.4.16","resolved": "https://registry.npmjs.org/autoprefixer/-/autoprefixer-10.4.16.tgz","integrity": "sha512-7vd3HC7wCUwOK4D2jsajUL8Z+rHlwVB3E4uw5DcICIkqsaFMcXijLjDcqkdhWAaj5ItqCloWaThiCNGGGcKLIw=="},"node_modules/postcss": {"version": "8.4.32","resolved": "https://registry.npmjs.org/postcss/-/postcss-8.4.32.tgz","integrity": "sha512-D/kj5JNu6oo2EIy+XL/C4+20WS2PNy29p4ujeR6zWMV45eZdm7DYbOrlV+mCkL52kat5xHsw9gSK9HuZkN/VTw=="},"node_modules/jest": {"version": "29.7.0","resolved": "https://registry.npmjs.org/jest/-/jest-29.7.0.tgz","integrity": "sha512-NIy3oAFp9shda19hy4HsHAApghN42YCar0mpVo129c6Sm4gJ47wWBWj42R24ZEBA7VVG93RHM+d2zKHb+DRPw==","dev": true},"node_modules/@testing-library/react": {"version": "14.1.2","resolved": "https://registry.npmjs.org/@testing-library/react/-/react-14.1.2.tgz","integrity": "sha512-z0EKzFd45HmwCIcra/jAMSBay69gePRWk8nxQmVehMAFVMhUaeXL7tJKvnt+WBUbHmG7omodRVrd+O64gi6XsA==","dev": true},"node_modules/@testing-library/jest-dom": {"version": "6.1.5","resolved": "https://registry.npmjs.org/@testing-library/jest-dom/-/jest-dom-6.1.5.tgz","integrity": "sha512-xWYDdMTFnMZjNvUd+OKPYyXu6L7HxUntVaGSaGJqspecX1zATkwqmdXhCYVkKP91NMmIQWW5/8NgvmRr0CTF0g==","dev": true}}}}